
Microsoft Visual Studio Solution File, Format Version 12.00
# Visual Studio Version 16
VisualStudioVersion = 16.0.30413.136
MinimumVisualStudioVersion = 10.0.40219.1
Project("{8BC9CEB8-8B4A-11D0-8D11-00A0C91BC942}") = "Prj01", "Prj01\Prj01.vcxproj", "{558CFF31-2F07-4FFF-A51E-DB43AFC53289}"
EndProject
Project("{8BC9CEB8-8B4A-11D0-8D11-00A0C91BC942}") = "Prj02", "Prj02\Prj02.vcxproj", "{31D5FBD3-2F41-44A7-91B9-10FF5B589D08}"
EndProject
Project("{8BC9CEB8-8B4A-11D0-8D11-00A0C91BC942}") = "Prj03", "Prj03\Prj03.vcxproj", "{814F3CB6-28D9-4F22-8CAC-06060F371D94}"
EndProject
Project("{8BC9CEB8-8B4A-11D0-8D11-00A0C91BC942}") = "Prj04", "Prj04\Prj04.vcxproj", "{D5CC29AD-EB13-46C5-83B5-305C9FF2113E}"
EndProject
Project("{8BC9CEB8-8B4A-11D0-8D11-00A0C91BC942}") = "Prj05", "Prj05\Prj05.vcxproj", "{5F3CE1BF-7B0D-4EC0-8C4F-5EE0BF329258}"
EndProject
Project("{8BC9CEB8-8B4A-11D0-8D11-00A0C91BC942}") = "Prj06", "Prj06\Prj06.vcxproj", "{417AAFF9-668F-490E-AA94-131379C6132A}"
EndProject
Project("{8BC9CEB8-8B4A-11D0-8D11-00A0C91BC942}") = "LAB1", "LAB1\LAB1.vcxproj", "{8E98FBE3-3993-48F2-8EAB-A05A67D8643D}"
EndProject
Project("{8BC9CEB8-8B4A-11D0-8D11-00A0C91BC942}") = "Prj07", "Prj07\Prj07.vcxproj", "{5F6D4A51-3379-4EED-A9AB-7CD70D1AECEF}"
EndProject
Project("{8BC9CEB8-8B4A-11D0-8D11-00A0C91BC942}") = "LAB2", "LAB2\LAB2.vcxproj", "{F94E2988-8248-43C7-A2DB-AC763BE528AD}"
EndProject
Project("{8BC9CEB8-8B4A-11D0-8D11-00A0C91BC942}") = "Prj08", "Prj08\Prj08.vcxproj", "{A0D1F3C9-FEAA-4578-A6C4-A6B3EEDF8624}"
EndProject
Project("{8BC9CEB8-8B4A-11D0-8D11-00A0C91BC942}") = "Prj09", "Prj09\Prj09.vcxproj", "{BD71CF2D-9C9F-4F22-AC84-A17AFE15CD95}"
EndProject
Project("{8BC9CEB8-8B4A-11D0-8D11-00A0C91BC942}") = "Prj10", "Prj10\Prj10.vcxproj", "{417251DB-48D5-41BA-9F4E-CEAC986A0E5A}"
EndProject
Project("{8BC9CEB8-8B4A-11D0-8D11-00A0C91BC942}") = "Prj11", "Prj11\Prj11.vcxproj", "{31D46AAD-E565-40F1-9801-6D819579C413}"
EndProject
Project("{8BC9CEB8-8B4A-11D0-8D11-00A0C91BC942}") = "Prj12", "Prj12\Prj12.vcxproj", "{CF2CCC09-5452-46F2-A9CF-1F01A1D38FE4}"
EndProject
Project("{8BC9CEB8-8B4A-11D0-8D11-00A0C91BC942}") = "LAB3", "LAB3\LAB3.vcxproj", "{B824CB16-A541-476A-8FB8-9EDD7890E057}"
EndProject
Project("{8BC9CEB8-8B4A-11D0-8D11-00A0C91BC942}") = "Prj13", "Prj13\Prj13.vcxproj", "{9C9FF3FE-45A0-42FD-B38A-2809557D6212}"
EndProject
Project("{8BC9CEB8-8B4A-11D0-8D11-00A0C91BC942}") = "Prj14", "Prj14\Prj14.vcxproj", "{C69A743B-B535-43B2-B24C-33A28FFE19C5}"
EndProject
Project("{8BC9CEB8-8B4A-11D0-8D11-00A0C91BC942}") = "Prj15", "Prj15\Prj15.vcxproj", "{FC0BA933-AAC5-4E06-90C8-D0767859C71A}"
EndProject
Project("{8BC9CEB8-8B4A-11D0-8D11-00A0C91BC942}") = "Prj16", "Prj16\Prj16.vcxproj", "{E0BA1E9F-5D79-456E-BA15-5C4949A906F4}"
EndProject
Project("{8BC9CEB8-8B4A-11D0-8D11-00A0C91BC942}") = "LAB4", "LAB4\LAB4.vcxproj", "{D56F7751-55EB-4A96-9BA5-275DEB248C0D}"
EndProject
Project("{8BC9CEB8-8B4A-11D0-8D11-00A0C91BC942}") = "Prj17", "Prj17\Prj17.vcxproj", "{C13BE2D5-3FB5-4D5C-A73C-22A8BDC795FF}"
EndProject
Project("{8BC9CEB8-8B4A-11D0-8D11-00A0C91BC942}") = "Prj18", "Prj18\Prj18.vcxproj", "{26CF709C-C794-43DC-A0FA-6BF1927B9D6E}"
EndProject
Project("{8BC9CEB8-8B4A-11D0-8D11-00A0C91BC942}") = "Prj19", "Prj19\Prj19.vcxproj", "{300198E9-B9FE-46E9-8174-B43B6364F0EA}"
EndProject
Project("{8BC9CEB8-8B4A-11D0-8D11-00A0C91BC942}") = "LAB5", "LAB5\LAB5.vcxproj", "{C04898A2-2FF7-4794-B19F-A83E1DBD702F}"
EndProject
Global
	GlobalSection(SolutionConfigurationPlatforms) = preSolution
		Debug|x64 = Debug|x64
		Debug|x86 = Debug|x86
		Release|x64 = Release|x64
		Release|x86 = Release|x86
	EndGlobalSection
	GlobalSection(ProjectConfigurationPlatforms) = postSolution
		{558CFF31-2F07-4FFF-A51E-DB43AFC53289}.Debug|x64.ActiveCfg = Debug|x64
		{558CFF31-2F07-4FFF-A51E-DB43AFC53289}.Debug|x64.Build.0 = Debug|x64
		{558CFF31-2F07-4FFF-A51E-DB43AFC53289}.Debug|x86.ActiveCfg = Debug|Win32
		{558CFF31-2F07-4FFF-A51E-DB43AFC53289}.Debug|x86.Build.0 = Debug|Win32
		{558CFF31-2F07-4FFF-A51E-DB43AFC53289}.Release|x64.ActiveCfg = Release|x64
		{558CFF31-2F07-4FFF-A51E-DB43AFC53289}.Release|x64.Build.0 = Release|x64
		{558CFF31-2F07-4FFF-A51E-DB43AFC53289}.Release|x86.ActiveCfg = Release|Win32
		{558CFF31-2F07-4FFF-A51E-DB43AFC53289}.Release|x86.Build.0 = Release|Win32
		{31D5FBD3-2F41-44A7-91B9-10FF5B589D08}.Debug|x64.ActiveCfg = Debug|x64
		{31D5FBD3-2F41-44A7-91B9-10FF5B589D08}.Debug|x64.Build.0 = Debug|x64
		{31D5FBD3-2F41-44A7-91B9-10FF5B589D08}.Debug|x86.ActiveCfg = Debug|Win32
		{31D5FBD3-2F41-44A7-91B9-10FF5B589D08}.Debug|x86.Build.0 = Debug|Win32
		{31D5FBD3-2F41-44A7-91B9-10FF5B589D08}.Release|x64.ActiveCfg = Release|x64
		{31D5FBD3-2F41-44A7-91B9-10FF5B589D08}.Release|x64.Build.0 = Release|x64
		{31D5FBD3-2F41-44A7-91B9-10FF5B589D08}.Release|x86.ActiveCfg = Release|Win32
		{31D5FBD3-2F41-44A7-91B9-10FF5B589D08}.Release|x86.Build.0 = Release|Win32
		{814F3CB6-28D9-4F22-8CAC-06060F371D94}.Debug|x64.ActiveCfg = Debug|x64
		{814F3CB6-28D9-4F22-8CAC-06060F371D94}.Debug|x64.Build.0 = Debug|x64
		{814F3CB6-28D9-4F22-8CAC-06060F371D94}.Debug|x86.ActiveCfg = Debug|Win32
		{814F3CB6-28D9-4F22-8CAC-06060F371D94}.Debug|x86.Build.0 = Debug|Win32
		{814F3CB6-28D9-4F22-8CAC-06060F371D94}.Release|x64.ActiveCfg = Release|x64
		{814F3CB6-28D9-4F22-8CAC-06060F371D94}.Release|x64.Build.0 = Release|x64
		{814F3CB6-28D9-4F22-8CAC-06060F371D94}.Release|x86.ActiveCfg = Release|Win32
		{814F3CB6-28D9-4F22-8CAC-06060F371D94}.Release|x86.Build.0 = Release|Win32
		{D5CC29AD-EB13-46C5-83B5-305C9FF2113E}.Debug|x64.ActiveCfg = Debug|x64
		{D5CC29AD-EB13-46C5-83B5-305C9FF2113E}.Debug|x64.Build.0 = Debug|x64
		{D5CC29AD-EB13-46C5-83B5-305C9FF2113E}.Debug|x86.ActiveCfg = Debug|Win32
		{D5CC29AD-EB13-46C5-83B5-305C9FF2113E}.Debug|x86.Build.0 = Debug|Win32
		{D5CC29AD-EB13-46C5-83B5-305C9FF2113E}.Release|x64.ActiveCfg = Release|x64
		{D5CC29AD-EB13-46C5-83B5-305C9FF2113E}.Release|x64.Build.0 = Release|x64
		{D5CC29AD-EB13-46C5-83B5-305C9FF2113E}.Release|x86.ActiveCfg = Release|Win32
		{D5CC29AD-EB13-46C5-83B5-305C9FF2113E}.Release|x86.Build.0 = Release|Win32
		{5F3CE1BF-7B0D-4EC0-8C4F-5EE0BF329258}.Debug|x64.ActiveCfg = Debug|x64
		{5F3CE1BF-7B0D-4EC0-8C4F-5EE0BF329258}.Debug|x64.Build.0 = Debug|x64
		{5F3CE1BF-7B0D-4EC0-8C4F-5EE0BF329258}.Debug|x86.ActiveCfg = Debug|Win32
		{5F3CE1BF-7B0D-4EC0-8C4F-5EE0BF329258}.Debug|x86.Build.0 = Debug|Win32
		{5F3CE1BF-7B0D-4EC0-8C4F-5EE0BF329258}.Release|x64.ActiveCfg = Release|x64
		{5F3CE1BF-7B0D-4EC0-8C4F-5EE0BF329258}.Release|x64.Build.0 = Release|x64
		{5F3CE1BF-7B0D-4EC0-8C4F-5EE0BF329258}.Release|x86.ActiveCfg = Release|Win32
		{5F3CE1BF-7B0D-4EC0-8C4F-5EE0BF329258}.Release|x86.Build.0 = Release|Win32
		{417AAFF9-668F-490E-AA94-131379C6132A}.Debug|x64.ActiveCfg = Debug|x64
		{417AAFF9-668F-490E-AA94-131379C6132A}.Debug|x64.Build.0 = Debug|x64
		{417AAFF9-668F-490E-AA94-131379C6132A}.Debug|x86.ActiveCfg = Debug|Win32
		{417AAFF9-668F-490E-AA94-131379C6132A}.Debug|x86.Build.0 = Debug|Win32
		{417AAFF9-668F-490E-AA94-131379C6132A}.Release|x64.ActiveCfg = Release|x64
		{417AAFF9-668F-490E-AA94-131379C6132A}.Release|x64.Build.0 = Release|x64
		{417AAFF9-668F-490E-AA94-131379C6132A}.Release|x86.ActiveCfg = Release|Win32
		{417AAFF9-668F-490E-AA94-131379C6132A}.Release|x86.Build.0 = Release|Win32
		{8E98FBE3-3993-48F2-8EAB-A05A67D8643D}.Debug|x64.ActiveCfg = Debug|x64
		{8E98FBE3-3993-48F2-8EAB-A05A67D8643D}.Debug|x64.Build.0 = Debug|x64
		{8E98FBE3-3993-48F2-8EAB-A05A67D8643D}.Debug|x86.ActiveCfg = Debug|Win32
		{8E98FBE3-3993-48F2-8EAB-A05A67D8643D}.Debug|x86.Build.0 = Debug|Win32
		{8E98FBE3-3993-48F2-8EAB-A05A67D8643D}.Release|x64.ActiveCfg = Release|x64
		{8E98FBE3-3993-48F2-8EAB-A05A67D8643D}.Release|x64.Build.0 = Release|x64
		{8E98FBE3-3993-48F2-8EAB-A05A67D8643D}.Release|x86.ActiveCfg = Release|Win32
		{8E98FBE3-3993-48F2-8EAB-A05A67D8643D}.Release|x86.Build.0 = Release|Win32
		{5F6D4A51-3379-4EED-A9AB-7CD70D1AECEF}.Debug|x64.ActiveCfg = Debug|x64
		{5F6D4A51-3379-4EED-A9AB-7CD70D1AECEF}.Debug|x64.Build.0 = Debug|x64
		{5F6D4A51-3379-4EED-A9AB-7CD70D1AECEF}.Debug|x86.ActiveCfg = Debug|Win32
		{5F6D4A51-3379-4EED-A9AB-7CD70D1AECEF}.Debug|x86.Build.0 = Debug|Win32
		{5F6D4A51-3379-4EED-A9AB-7CD70D1AECEF}.Release|x64.ActiveCfg = Release|x64
		{5F6D4A51-3379-4EED-A9AB-7CD70D1AECEF}.Release|x64.Build.0 = Release|x64
		{5F6D4A51-3379-4EED-A9AB-7CD70D1AECEF}.Release|x86.ActiveCfg = Release|Win32
		{5F6D4A51-3379-4EED-A9AB-7CD70D1AECEF}.Release|x86.Build.0 = Release|Win32
		{F94E2988-8248-43C7-A2DB-AC763BE528AD}.Debug|x64.ActiveCfg = Debug|x64
		{F94E2988-8248-43C7-A2DB-AC763BE528AD}.Debug|x64.Build.0 = Debug|x64
		{F94E2988-8248-43C7-A2DB-AC763BE528AD}.Debug|x86.ActiveCfg = Debug|Win32
		{F94E2988-8248-43C7-A2DB-AC763BE528AD}.Debug|x86.Build.0 = Debug|Win32
		{F94E2988-8248-43C7-A2DB-AC763BE528AD}.Release|x64.ActiveCfg = Release|x64
		{F94E2988-8248-43C7-A2DB-AC763BE528AD}.Release|x64.Build.0 = Release|x64
		{F94E2988-8248-43C7-A2DB-AC763BE528AD}.Release|x86.ActiveCfg = Release|Win32
		{F94E2988-8248-43C7-A2DB-AC763BE528AD}.Release|x86.Build.0 = Release|Win32
		{A0D1F3C9-FEAA-4578-A6C4-A6B3EEDF8624}.Debug|x64.ActiveCfg = Debug|x64
		{A0D1F3C9-FEAA-4578-A6C4-A6B3EEDF8624}.Debug|x64.Build.0 = Debug|x64
		{A0D1F3C9-FEAA-4578-A6C4-A6B3EEDF8624}.Debug|x86.ActiveCfg = Debug|Win32
		{A0D1F3C9-FEAA-4578-A6C4-A6B3EEDF8624}.Debug|x86.Build.0 = Debug|Win32
		{A0D1F3C9-FEAA-4578-A6C4-A6B3EEDF8624}.Release|x64.ActiveCfg = Release|x64
		{A0D1F3C9-FEAA-4578-A6C4-A6B3EEDF8624}.Release|x64.Build.0 = Release|x64
		{A0D1F3C9-FEAA-4578-A6C4-A6B3EEDF8624}.Release|x86.ActiveCfg = Release|Win32
		{A0D1F3C9-FEAA-4578-A6C4-A6B3EEDF8624}.Release|x86.Build.0 = Release|Win32
		{BD71CF2D-9C9F-4F22-AC84-A17AFE15CD95}.Debug|x64.ActiveCfg = Debug|x64
		{BD71CF2D-9C9F-4F22-AC84-A17AFE15CD95}.Debug|x64.Build.0 = Debug|x64
		{BD71CF2D-9C9F-4F22-AC84-A17AFE15CD95}.Debug|x86.ActiveCfg = Debug|Win32
		{BD71CF2D-9C9F-4F22-AC84-A17AFE15CD95}.Debug|x86.Build.0 = Debug|Win32
		{BD71CF2D-9C9F-4F22-AC84-A17AFE15CD95}.Release|x64.ActiveCfg = Release|x64
		{BD71CF2D-9C9F-4F22-AC84-A17AFE15CD95}.Release|x64.Build.0 = Release|x64
		{BD71CF2D-9C9F-4F22-AC84-A17AFE15CD95}.Release|x86.ActiveCfg = Release|Win32
		{BD71CF2D-9C9F-4F22-AC84-A17AFE15CD95}.Release|x86.Build.0 = Release|Win32
		{417251DB-48D5-41BA-9F4E-CEAC986A0E5A}.Debug|x64.ActiveCfg = Debug|x64
		{417251DB-48D5-41BA-9F4E-CEAC986A0E5A}.Debug|x64.Build.0 = Debug|x64
		{417251DB-48D5-41BA-9F4E-CEAC986A0E5A}.Debug|x86.ActiveCfg = Debug|Win32
		{417251DB-48D5-41BA-9F4E-CEAC986A0E5A}.Debug|x86.Build.0 = Debug|Win32
		{417251DB-48D5-41BA-9F4E-CEAC986A0E5A}.Release|x64.ActiveCfg = Release|x64
		{417251DB-48D5-41BA-9F4E-CEAC986A0E5A}.Release|x64.Build.0 = Release|x64
		{417251DB-48D5-41BA-9F4E-CEAC986A0E5A}.Release|x86.ActiveCfg = Release|Win32
		{417251DB-48D5-41BA-9F4E-CEAC986A0E5A}.Release|x86.Build.0 = Release|Win32
		{31D46AAD-E565-40F1-9801-6D819579C413}.Debug|x64.ActiveCfg = Debug|x64
		{31D46AAD-E565-40F1-9801-6D819579C413}.Debug|x64.Build.0 = Debug|x64
		{31D46AAD-E565-40F1-9801-6D819579C413}.Debug|x86.ActiveCfg = Debug|Win32
		{31D46AAD-E565-40F1-9801-6D819579C413}.Debug|x86.Build.0 = Debug|Win32
		{31D46AAD-E565-40F1-9801-6D819579C413}.Release|x64.ActiveCfg = Release|x64
		{31D46AAD-E565-40F1-9801-6D819579C413}.Release|x64.Build.0 = Release|x64
		{31D46AAD-E565-40F1-9801-6D819579C413}.Release|x86.ActiveCfg = Release|Win32
		{31D46AAD-E565-40F1-9801-6D819579C413}.Release|x86.Build.0 = Release|Win32
		{CF2CCC09-5452-46F2-A9CF-1F01A1D38FE4}.Debug|x64.ActiveCfg = Debug|x64
		{CF2CCC09-5452-46F2-A9CF-1F01A1D38FE4}.Debug|x64.Build.0 = Debug|x64
		{CF2CCC09-5452-46F2-A9CF-1F01A1D38FE4}.Debug|x86.ActiveCfg = Debug|Win32
		{CF2CCC09-5452-46F2-A9CF-1F01A1D38FE4}.Debug|x86.Build.0 = Debug|Win32
		{CF2CCC09-5452-46F2-A9CF-1F01A1D38FE4}.Release|x64.ActiveCfg = Release|x64
		{CF2CCC09-5452-46F2-A9CF-1F01A1D38FE4}.Release|x64.Build.0 = Release|x64
		{CF2CCC09-5452-46F2-A9CF-1F01A1D38FE4}.Release|x86.ActiveCfg = Release|Win32
		{CF2CCC09-5452-46F2-A9CF-1F01A1D38FE4}.Release|x86.Build.0 = Release|Win32
		{B824CB16-A541-476A-8FB8-9EDD7890E057}.Debug|x64.ActiveCfg = Debug|x64
		{B824CB16-A541-476A-8FB8-9EDD7890E057}.Debug|x64.Build.0 = Debug|x64
		{B824CB16-A541-476A-8FB8-9EDD7890E057}.Debug|x86.ActiveCfg = Debug|Win32
		{B824CB16-A541-476A-8FB8-9EDD7890E057}.Debug|x86.Build.0 = Debug|Win32
		{B824CB16-A541-476A-8FB8-9EDD7890E057}.Release|x64.ActiveCfg = Release|x64
		{B824CB16-A541-476A-8FB8-9EDD7890E057}.Release|x64.Build.0 = Release|x64
		{B824CB16-A541-476A-8FB8-9EDD7890E057}.Release|x86.ActiveCfg = Release|Win32
		{B824CB16-A541-476A-8FB8-9EDD7890E057}.Release|x86.Build.0 = Release|Win32
		{9C9FF3FE-45A0-42FD-B38A-2809557D6212}.Debug|x64.ActiveCfg = Debug|x64
		{9C9FF3FE-45A0-42FD-B38A-2809557D6212}.Debug|x64.Build.0 = Debug|x64
		{9C9FF3FE-45A0-42FD-B38A-2809557D6212}.Debug|x86.ActiveCfg = Debug|Win32
		{9C9FF3FE-45A0-42FD-B38A-2809557D6212}.Debug|x86.Build.0 = Debug|Win32
		{9C9FF3FE-45A0-42FD-B38A-2809557D6212}.Release|x64.ActiveCfg = Release|x64
		{9C9FF3FE-45A0-42FD-B38A-2809557D6212}.Release|x64.Build.0 = Release|x64
		{9C9FF3FE-45A0-42FD-B38A-2809557D6212}.Release|x86.ActiveCfg = Release|Win32
		{9C9FF3FE-45A0-42FD-B38A-2809557D6212}.Release|x86.Build.0 = Release|Win32
		{C69A743B-B535-43B2-B24C-33A28FFE19C5}.Debug|x64.ActiveCfg = Debug|x64
		{C69A743B-B535-43B2-B24C-33A28FFE19C5}.Debug|x64.Build.0 = Debug|x64
		{C69A743B-B535-43B2-B24C-33A28FFE19C5}.Debug|x86.ActiveCfg = Debug|Win32
		{C69A743B-B535-43B2-B24C-33A28FFE19C5}.Debug|x86.Build.0 = Debug|Win32
		{C69A743B-B535-43B2-B24C-33A28FFE19C5}.Release|x64.ActiveCfg = Release|x64
		{C69A743B-B535-43B2-B24C-33A28FFE19C5}.Release|x64.Build.0 = Release|x64
		{C69A743B-B535-43B2-B24C-33A28FFE19C5}.Release|x86.ActiveCfg = Release|Win32
		{C69A743B-B535-43B2-B24C-33A28FFE19C5}.Release|x86.Build.0 = Release|Win32
		{FC0BA933-AAC5-4E06-90C8-D0767859C71A}.Debug|x64.ActiveCfg = Debug|x64
		{FC0BA933-AAC5-4E06-90C8-D0767859C71A}.Debug|x64.Build.0 = Debug|x64
		{FC0BA933-AAC5-4E06-90C8-D0767859C71A}.Debug|x86.ActiveCfg = Debug|Win32
		{FC0BA933-AAC5-4E06-90C8-D0767859C71A}.Debug|x86.Build.0 = Debug|Win32
		{FC0BA933-AAC5-4E06-90C8-D0767859C71A}.Release|x64.ActiveCfg = Release|x64
		{FC0BA933-AAC5-4E06-90C8-D0767859C71A}.Release|x64.Build.0 = Release|x64
		{FC0BA933-AAC5-4E06-90C8-D0767859C71A}.Release|x86.ActiveCfg = Release|Win32
		{FC0BA933-AAC5-4E06-90C8-D0767859C71A}.Release|x86.Build.0 = Release|Win32
		{E0BA1E9F-5D79-456E-BA15-5C4949A906F4}.Debug|x64.ActiveCfg = Debug|x64
		{E0BA1E9F-5D79-456E-BA15-5C4949A906F4}.Debug|x64.Build.0 = Debug|x64
		{E0BA1E9F-5D79-456E-BA15-5C4949A906F4}.Debug|x86.ActiveCfg = Debug|Win32
		{E0BA1E9F-5D79-456E-BA15-5C4949A906F4}.Debug|x86.Build.0 = Debug|Win32
		{E0BA1E9F-5D79-456E-BA15-5C4949A906F4}.Release|x64.ActiveCfg = Release|x64
		{E0BA1E9F-5D79-456E-BA15-5C4949A906F4}.Release|x64.Build.0 = Release|x64
		{E0BA1E9F-5D79-456E-BA15-5C4949A906F4}.Release|x86.ActiveCfg = Release|Win32
		{E0BA1E9F-5D79-456E-BA15-5C4949A906F4}.Release|x86.Build.0 = Release|Win32
		{D56F7751-55EB-4A96-9BA5-275DEB248C0D}.Debug|x64.ActiveCfg = Debug|x64
		{D56F7751-55EB-4A96-9BA5-275DEB248C0D}.Debug|x64.Build.0 = Debug|x64
		{D56F7751-55EB-4A96-9BA5-275DEB248C0D}.Debug|x86.ActiveCfg = Debug|Win32
		{D56F7751-55EB-4A96-9BA5-275DEB248C0D}.Debug|x86.Build.0 = Debug|Win32
		{D56F7751-55EB-4A96-9BA5-275DEB248C0D}.Release|x64.ActiveCfg = Release|x64
		{D56F7751-55EB-4A96-9BA5-275DEB248C0D}.Release|x64.Build.0 = Release|x64
		{D56F7751-55EB-4A96-9BA5-275DEB248C0D}.Release|x86.ActiveCfg = Release|Win32
		{D56F7751-55EB-4A96-9BA5-275DEB248C0D}.Release|x86.Build.0 = Release|Win32
		{C13BE2D5-3FB5-4D5C-A73C-22A8BDC795FF}.Debug|x64.ActiveCfg = Debug|x64
		{C13BE2D5-3FB5-4D5C-A73C-22A8BDC795FF}.Debug|x64.Build.0 = Debug|x64
		{C13BE2D5-3FB5-4D5C-A73C-22A8BDC795FF}.Debug|x86.ActiveCfg = Debug|Win32
		{C13BE2D5-3FB5-4D5C-A73C-22A8BDC795FF}.Debug|x86.Build.0 = Debug|Win32
		{C13BE2D5-3FB5-4D5C-A73C-22A8BDC795FF}.Release|x64.ActiveCfg = Release|x64
		{C13BE2D5-3FB5-4D5C-A73C-22A8BDC795FF}.Release|x64.Build.0 = Release|x64
		{C13BE2D5-3FB5-4D5C-A73C-22A8BDC795FF}.Release|x86.ActiveCfg = Release|Win32
		{C13BE2D5-3FB5-4D5C-A73C-22A8BDC795FF}.Release|x86.Build.0 = Release|Win32
		{26CF709C-C794-43DC-A0FA-6BF1927B9D6E}.Debug|x64.ActiveCfg = Debug|x64
		{26CF709C-C794-43DC-A0FA-6BF1927B9D6E}.Debug|x64.Build.0 = Debug|x64
		{26CF709C-C794-43DC-A0FA-6BF1927B9D6E}.Debug|x86.ActiveCfg = Debug|Win32
		{26CF709C-C794-43DC-A0FA-6BF1927B9D6E}.Debug|x86.Build.0 = Debug|Win32
		{26CF709C-C794-43DC-A0FA-6BF1927B9D6E}.Release|x64.ActiveCfg = Release|x64
		{26CF709C-C794-43DC-A0FA-6BF1927B9D6E}.Release|x64.Build.0 = Release|x64
		{26CF709C-C794-43DC-A0FA-6BF1927B9D6E}.Release|x86.ActiveCfg = Release|Win32
		{26CF709C-C794-43DC-A0FA-6BF1927B9D6E}.Release|x86.Build.0 = Release|Win32
		{300198E9-B9FE-46E9-8174-B43B6364F0EA}.Debug|x64.ActiveCfg = Debug|x64
		{300198E9-B9FE-46E9-8174-B43B6364F0EA}.Debug|x64.Build.0 = Debug|x64
		{300198E9-B9FE-46E9-8174-B43B6364F0EA}.Debug|x86.ActiveCfg = Debug|Win32
		{300198E9-B9FE-46E9-8174-B43B6364F0EA}.Debug|x86.Build.0 = Debug|Win32
		{300198E9-B9FE-46E9-8174-B43B6364F0EA}.Release|x64.ActiveCfg = Release|x64
		{300198E9-B9FE-46E9-8174-B43B6364F0EA}.Release|x64.Build.0 = Release|x64
		{300198E9-B9FE-46E9-8174-B43B6364F0EA}.Release|x86.ActiveCfg = Release|Win32
		{300198E9-B9FE-46E9-8174-B43B6364F0EA}.Release|x86.Build.0 = Release|Win32
		{C04898A2-2FF7-4794-B19F-A83E1DBD702F}.Debug|x64.ActiveCfg = Debug|x64
		{C04898A2-2FF7-4794-B19F-A83E1DBD702F}.Debug|x64.Build.0 = Debug|x64
		{C04898A2-2FF7-4794-B19F-A83E1DBD702F}.Debug|x86.ActiveCfg = Debug|Win32
		{C04898A2-2FF7-4794-B19F-A83E1DBD702F}.Debug|x86.Build.0 = Debug|Win32
		{C04898A2-2FF7-4794-B19F-A83E1DBD702F}.Release|x64.ActiveCfg = Release|x64
		{C04898A2-2FF7-4794-B19F-A83E1DBD702F}.Release|x64.Build.0 = Release|x64
		{C04898A2-2FF7-4794-B19F-A83E1DBD702F}.Release|x86.ActiveCfg = Release|Win32
		{C04898A2-2FF7-4794-B19F-A83E1DBD702F}.Release|x86.Build.0 = Release|Win32
	EndGlobalSection
	GlobalSection(SolutionProperties) = preSolution
		HideSolutionNode = FALSE
	EndGlobalSection
	GlobalSection(ExtensibilityGlobals) = postSolution
		SolutionGuid = {8E5E7680-DE94-4B35-A8B0-04B5141DAB49}
	EndGlobalSection
EndGlobal
