
Microsoft Visual Studio Solution File, Format Version 12.00
# Visual Studio Version 16
VisualStudioVersion = 16.0.30413.136
MinimumVisualStudioVersion = 10.0.40219.1
Project("{8BC9CEB8-8B4A-11D0-8D11-00A0C91BC942}") = "Prj01", "Prj01\Prj01.vcxproj", "{6D809252-9D28-4EA9-B4E9-2C3DEF100C74}"
EndProject
Project("{8BC9CEB8-8B4A-11D0-8D11-00A0C91BC942}") = "Prj02", "Prj02\Prj02.vcxproj", "{3C7AB106-991C-4D63-A76F-CA996D36D976}"
EndProject
Project("{8BC9CEB8-8B4A-11D0-8D11-00A0C91BC942}") = "Lab1", "Lab1\Lab1.vcxproj", "{4264EC8A-67FA-45F9-9239-57E68252FEBE}"
EndProject
Project("{8BC9CEB8-8B4A-11D0-8D11-00A0C91BC942}") = "Prj03", "Prj03\Prj03.vcxproj", "{523DC429-2011-4777-92AC-13105A419C58}"
EndProject
Project("{8BC9CEB8-8B4A-11D0-8D11-00A0C91BC942}") = "Prj04", "Prj04\Prj04.vcxproj", "{1FF9F631-9F88-48ED-B539-1E0981936950}"
EndProject
Project("{8BC9CEB8-8B4A-11D0-8D11-00A0C91BC942}") = "Prj05", "Prj05\Prj05.vcxproj", "{93CAF6A6-7D47-4D8C-A127-82896CBE1C70}"
EndProject
Project("{8BC9CEB8-8B4A-11D0-8D11-00A0C91BC942}") = "Prj06", "Prj06\Prj06.vcxproj", "{3A865513-7651-4A57-BE4C-8F1F55EDF077}"
EndProject
Project("{8BC9CEB8-8B4A-11D0-8D11-00A0C91BC942}") = "Lab2", "Lab2\Lab2.vcxproj", "{3435BA81-8828-441D-B875-80931A1AF383}"
EndProject
Project("{8BC9CEB8-8B4A-11D0-8D11-00A0C91BC942}") = "Prj07", "Prj07\Prj07.vcxproj", "{B89DC44E-32ED-4982-ABD3-276EB0EA088C}"
EndProject
Project("{8BC9CEB8-8B4A-11D0-8D11-00A0C91BC942}") = "Prj08", "Prj08\Prj08.vcxproj", "{AD639FB3-81EF-4D70-A64C-B1E56BEE7A9F}"
EndProject
Project("{8BC9CEB8-8B4A-11D0-8D11-00A0C91BC942}") = "Prj09", "Prj09\Prj09.vcxproj", "{C94778DE-113F-499F-823D-EA13C2EC9C75}"
EndProject
Project("{8BC9CEB8-8B4A-11D0-8D11-00A0C91BC942}") = "Prj10", "Prj10\Prj10.vcxproj", "{02E21CC4-6634-419D-BE1F-3CFD93A52E2A}"
EndProject
Project("{8BC9CEB8-8B4A-11D0-8D11-00A0C91BC942}") = "Lab3", "Lab3\Lab3.vcxproj", "{D79D3AF9-7F0A-4005-B4BE-603019739AE2}"
EndProject
Project("{8BC9CEB8-8B4A-11D0-8D11-00A0C91BC942}") = "Prj11", "Prj11\Prj11.vcxproj", "{2D913158-E2B3-4DAC-9196-22BCA93498ED}"
EndProject
Project("{8BC9CEB8-8B4A-11D0-8D11-00A0C91BC942}") = "Prj12", "Prj12\Prj12.vcxproj", "{C0D2078D-1862-4E2E-8CCC-BED0F38F11DC}"
EndProject
Project("{8BC9CEB8-8B4A-11D0-8D11-00A0C91BC942}") = "Prj13", "Prj13\Prj13.vcxproj", "{474982CE-0A90-474C-BE9B-54C179476658}"
EndProject
Project("{8BC9CEB8-8B4A-11D0-8D11-00A0C91BC942}") = "Lab04", "Lab04\Lab04.vcxproj", "{B6658B7C-6966-4FC4-A421-29DA01834FC7}"
EndProject
Global
	GlobalSection(SolutionConfigurationPlatforms) = preSolution
		Debug|x64 = Debug|x64
		Debug|x86 = Debug|x86
		Release|x64 = Release|x64
		Release|x86 = Release|x86
	EndGlobalSection
	GlobalSection(ProjectConfigurationPlatforms) = postSolution
		{6D809252-9D28-4EA9-B4E9-2C3DEF100C74}.Debug|x64.ActiveCfg = Debug|x64
		{6D809252-9D28-4EA9-B4E9-2C3DEF100C74}.Debug|x64.Build.0 = Debug|x64
		{6D809252-9D28-4EA9-B4E9-2C3DEF100C74}.Debug|x86.ActiveCfg = Debug|Win32
		{6D809252-9D28-4EA9-B4E9-2C3DEF100C74}.Debug|x86.Build.0 = Debug|Win32
		{6D809252-9D28-4EA9-B4E9-2C3DEF100C74}.Release|x64.ActiveCfg = Release|x64
		{6D809252-9D28-4EA9-B4E9-2C3DEF100C74}.Release|x64.Build.0 = Release|x64
		{6D809252-9D28-4EA9-B4E9-2C3DEF100C74}.Release|x86.ActiveCfg = Release|Win32
		{6D809252-9D28-4EA9-B4E9-2C3DEF100C74}.Release|x86.Build.0 = Release|Win32
		{3C7AB106-991C-4D63-A76F-CA996D36D976}.Debug|x64.ActiveCfg = Debug|x64
		{3C7AB106-991C-4D63-A76F-CA996D36D976}.Debug|x64.Build.0 = Debug|x64
		{3C7AB106-991C-4D63-A76F-CA996D36D976}.Debug|x86.ActiveCfg = Debug|Win32
		{3C7AB106-991C-4D63-A76F-CA996D36D976}.Debug|x86.Build.0 = Debug|Win32
		{3C7AB106-991C-4D63-A76F-CA996D36D976}.Release|x64.ActiveCfg = Release|x64
		{3C7AB106-991C-4D63-A76F-CA996D36D976}.Release|x64.Build.0 = Release|x64
		{3C7AB106-991C-4D63-A76F-CA996D36D976}.Release|x86.ActiveCfg = Release|Win32
		{3C7AB106-991C-4D63-A76F-CA996D36D976}.Release|x86.Build.0 = Release|Win32
		{4264EC8A-67FA-45F9-9239-57E68252FEBE}.Debug|x64.ActiveCfg = Debug|x64
		{4264EC8A-67FA-45F9-9239-57E68252FEBE}.Debug|x64.Build.0 = Debug|x64
		{4264EC8A-67FA-45F9-9239-57E68252FEBE}.Debug|x86.ActiveCfg = Debug|Win32
		{4264EC8A-67FA-45F9-9239-57E68252FEBE}.Debug|x86.Build.0 = Debug|Win32
		{4264EC8A-67FA-45F9-9239-57E68252FEBE}.Release|x64.ActiveCfg = Release|x64
		{4264EC8A-67FA-45F9-9239-57E68252FEBE}.Release|x64.Build.0 = Release|x64
		{4264EC8A-67FA-45F9-9239-57E68252FEBE}.Release|x86.ActiveCfg = Release|Win32
		{4264EC8A-67FA-45F9-9239-57E68252FEBE}.Release|x86.Build.0 = Release|Win32
		{523DC429-2011-4777-92AC-13105A419C58}.Debug|x64.ActiveCfg = Debug|x64
		{523DC429-2011-4777-92AC-13105A419C58}.Debug|x64.Build.0 = Debug|x64
		{523DC429-2011-4777-92AC-13105A419C58}.Debug|x86.ActiveCfg = Debug|Win32
		{523DC429-2011-4777-92AC-13105A419C58}.Debug|x86.Build.0 = Debug|Win32
		{523DC429-2011-4777-92AC-13105A419C58}.Release|x64.ActiveCfg = Release|x64
		{523DC429-2011-4777-92AC-13105A419C58}.Release|x64.Build.0 = Release|x64
		{523DC429-2011-4777-92AC-13105A419C58}.Release|x86.ActiveCfg = Release|Win32
		{523DC429-2011-4777-92AC-13105A419C58}.Release|x86.Build.0 = Release|Win32
		{1FF9F631-9F88-48ED-B539-1E0981936950}.Debug|x64.ActiveCfg = Debug|x64
		{1FF9F631-9F88-48ED-B539-1E0981936950}.Debug|x64.Build.0 = Debug|x64
		{1FF9F631-9F88-48ED-B539-1E0981936950}.Debug|x86.ActiveCfg = Debug|Win32
		{1FF9F631-9F88-48ED-B539-1E0981936950}.Debug|x86.Build.0 = Debug|Win32
		{1FF9F631-9F88-48ED-B539-1E0981936950}.Release|x64.ActiveCfg = Release|x64
		{1FF9F631-9F88-48ED-B539-1E0981936950}.Release|x64.Build.0 = Release|x64
		{1FF9F631-9F88-48ED-B539-1E0981936950}.Release|x86.ActiveCfg = Release|Win32
		{1FF9F631-9F88-48ED-B539-1E0981936950}.Release|x86.Build.0 = Release|Win32
		{93CAF6A6-7D47-4D8C-A127-82896CBE1C70}.Debug|x64.ActiveCfg = Debug|x64
		{93CAF6A6-7D47-4D8C-A127-82896CBE1C70}.Debug|x64.Build.0 = Debug|x64
		{93CAF6A6-7D47-4D8C-A127-82896CBE1C70}.Debug|x86.ActiveCfg = Debug|Win32
		{93CAF6A6-7D47-4D8C-A127-82896CBE1C70}.Debug|x86.Build.0 = Debug|Win32
		{93CAF6A6-7D47-4D8C-A127-82896CBE1C70}.Release|x64.ActiveCfg = Release|x64
		{93CAF6A6-7D47-4D8C-A127-82896CBE1C70}.Release|x64.Build.0 = Release|x64
		{93CAF6A6-7D47-4D8C-A127-82896CBE1C70}.Release|x86.ActiveCfg = Release|Win32
		{93CAF6A6-7D47-4D8C-A127-82896CBE1C70}.Release|x86.Build.0 = Release|Win32
		{3A865513-7651-4A57-BE4C-8F1F55EDF077}.Debug|x64.ActiveCfg = Debug|x64
		{3A865513-7651-4A57-BE4C-8F1F55EDF077}.Debug|x64.Build.0 = Debug|x64
		{3A865513-7651-4A57-BE4C-8F1F55EDF077}.Debug|x86.ActiveCfg = Debug|Win32
		{3A865513-7651-4A57-BE4C-8F1F55EDF077}.Debug|x86.Build.0 = Debug|Win32
		{3A865513-7651-4A57-BE4C-8F1F55EDF077}.Release|x64.ActiveCfg = Release|x64
		{3A865513-7651-4A57-BE4C-8F1F55EDF077}.Release|x64.Build.0 = Release|x64
		{3A865513-7651-4A57-BE4C-8F1F55EDF077}.Release|x86.ActiveCfg = Release|Win32
		{3A865513-7651-4A57-BE4C-8F1F55EDF077}.Release|x86.Build.0 = Release|Win32
		{3435BA81-8828-441D-B875-80931A1AF383}.Debug|x64.ActiveCfg = Debug|x64
		{3435BA81-8828-441D-B875-80931A1AF383}.Debug|x64.Build.0 = Debug|x64
		{3435BA81-8828-441D-B875-80931A1AF383}.Debug|x86.ActiveCfg = Debug|Win32
		{3435BA81-8828-441D-B875-80931A1AF383}.Debug|x86.Build.0 = Debug|Win32
		{3435BA81-8828-441D-B875-80931A1AF383}.Release|x64.ActiveCfg = Release|x64
		{3435BA81-8828-441D-B875-80931A1AF383}.Release|x64.Build.0 = Release|x64
		{3435BA81-8828-441D-B875-80931A1AF383}.Release|x86.ActiveCfg = Release|Win32
		{3435BA81-8828-441D-B875-80931A1AF383}.Release|x86.Build.0 = Release|Win32
		{B89DC44E-32ED-4982-ABD3-276EB0EA088C}.Debug|x64.ActiveCfg = Debug|x64
		{B89DC44E-32ED-4982-ABD3-276EB0EA088C}.Debug|x64.Build.0 = Debug|x64
		{B89DC44E-32ED-4982-ABD3-276EB0EA088C}.Debug|x86.ActiveCfg = Debug|Win32
		{B89DC44E-32ED-4982-ABD3-276EB0EA088C}.Debug|x86.Build.0 = Debug|Win32
		{B89DC44E-32ED-4982-ABD3-276EB0EA088C}.Release|x64.ActiveCfg = Release|x64
		{B89DC44E-32ED-4982-ABD3-276EB0EA088C}.Release|x64.Build.0 = Release|x64
		{B89DC44E-32ED-4982-ABD3-276EB0EA088C}.Release|x86.ActiveCfg = Release|Win32
		{B89DC44E-32ED-4982-ABD3-276EB0EA088C}.Release|x86.Build.0 = Release|Win32
		{AD639FB3-81EF-4D70-A64C-B1E56BEE7A9F}.Debug|x64.ActiveCfg = Debug|x64
		{AD639FB3-81EF-4D70-A64C-B1E56BEE7A9F}.Debug|x64.Build.0 = Debug|x64
		{AD639FB3-81EF-4D70-A64C-B1E56BEE7A9F}.Debug|x86.ActiveCfg = Debug|Win32
		{AD639FB3-81EF-4D70-A64C-B1E56BEE7A9F}.Debug|x86.Build.0 = Debug|Win32
		{AD639FB3-81EF-4D70-A64C-B1E56BEE7A9F}.Release|x64.ActiveCfg = Release|x64
		{AD639FB3-81EF-4D70-A64C-B1E56BEE7A9F}.Release|x64.Build.0 = Release|x64
		{AD639FB3-81EF-4D70-A64C-B1E56BEE7A9F}.Release|x86.ActiveCfg = Release|Win32
		{AD639FB3-81EF-4D70-A64C-B1E56BEE7A9F}.Release|x86.Build.0 = Release|Win32
		{C94778DE-113F-499F-823D-EA13C2EC9C75}.Debug|x64.ActiveCfg = Debug|x64
		{C94778DE-113F-499F-823D-EA13C2EC9C75}.Debug|x64.Build.0 = Debug|x64
		{C94778DE-113F-499F-823D-EA13C2EC9C75}.Debug|x86.ActiveCfg = Debug|Win32
		{C94778DE-113F-499F-823D-EA13C2EC9C75}.Debug|x86.Build.0 = Debug|Win32
		{C94778DE-113F-499F-823D-EA13C2EC9C75}.Release|x64.ActiveCfg = Release|x64
		{C94778DE-113F-499F-823D-EA13C2EC9C75}.Release|x64.Build.0 = Release|x64
		{C94778DE-113F-499F-823D-EA13C2EC9C75}.Release|x86.ActiveCfg = Release|Win32
		{C94778DE-113F-499F-823D-EA13C2EC9C75}.Release|x86.Build.0 = Release|Win32
		{02E21CC4-6634-419D-BE1F-3CFD93A52E2A}.Debug|x64.ActiveCfg = Debug|x64
		{02E21CC4-6634-419D-BE1F-3CFD93A52E2A}.Debug|x64.Build.0 = Debug|x64
		{02E21CC4-6634-419D-BE1F-3CFD93A52E2A}.Debug|x86.ActiveCfg = Debug|Win32
		{02E21CC4-6634-419D-BE1F-3CFD93A52E2A}.Debug|x86.Build.0 = Debug|Win32
		{02E21CC4-6634-419D-BE1F-3CFD93A52E2A}.Release|x64.ActiveCfg = Release|x64
		{02E21CC4-6634-419D-BE1F-3CFD93A52E2A}.Release|x64.Build.0 = Release|x64
		{02E21CC4-6634-419D-BE1F-3CFD93A52E2A}.Release|x86.ActiveCfg = Release|Win32
		{02E21CC4-6634-419D-BE1F-3CFD93A52E2A}.Release|x86.Build.0 = Release|Win32
		{D79D3AF9-7F0A-4005-B4BE-603019739AE2}.Debug|x64.ActiveCfg = Debug|x64
		{D79D3AF9-7F0A-4005-B4BE-603019739AE2}.Debug|x64.Build.0 = Debug|x64
		{D79D3AF9-7F0A-4005-B4BE-603019739AE2}.Debug|x86.ActiveCfg = Debug|Win32
		{D79D3AF9-7F0A-4005-B4BE-603019739AE2}.Debug|x86.Build.0 = Debug|Win32
		{D79D3AF9-7F0A-4005-B4BE-603019739AE2}.Release|x64.ActiveCfg = Release|x64
		{D79D3AF9-7F0A-4005-B4BE-603019739AE2}.Release|x64.Build.0 = Release|x64
		{D79D3AF9-7F0A-4005-B4BE-603019739AE2}.Release|x86.ActiveCfg = Release|Win32
		{D79D3AF9-7F0A-4005-B4BE-603019739AE2}.Release|x86.Build.0 = Release|Win32
		{2D913158-E2B3-4DAC-9196-22BCA93498ED}.Debug|x64.ActiveCfg = Debug|x64
		{2D913158-E2B3-4DAC-9196-22BCA93498ED}.Debug|x64.Build.0 = Debug|x64
		{2D913158-E2B3-4DAC-9196-22BCA93498ED}.Debug|x86.ActiveCfg = Debug|Win32
		{2D913158-E2B3-4DAC-9196-22BCA93498ED}.Debug|x86.Build.0 = Debug|Win32
		{2D913158-E2B3-4DAC-9196-22BCA93498ED}.Release|x64.ActiveCfg = Release|x64
		{2D913158-E2B3-4DAC-9196-22BCA93498ED}.Release|x64.Build.0 = Release|x64
		{2D913158-E2B3-4DAC-9196-22BCA93498ED}.Release|x86.ActiveCfg = Release|Win32
		{2D913158-E2B3-4DAC-9196-22BCA93498ED}.Release|x86.Build.0 = Release|Win32
		{C0D2078D-1862-4E2E-8CCC-BED0F38F11DC}.Debug|x64.ActiveCfg = Debug|x64
		{C0D2078D-1862-4E2E-8CCC-BED0F38F11DC}.Debug|x64.Build.0 = Debug|x64
		{C0D2078D-1862-4E2E-8CCC-BED0F38F11DC}.Debug|x86.ActiveCfg = Debug|Win32
		{C0D2078D-1862-4E2E-8CCC-BED0F38F11DC}.Debug|x86.Build.0 = Debug|Win32
		{C0D2078D-1862-4E2E-8CCC-BED0F38F11DC}.Release|x64.ActiveCfg = Release|x64
		{C0D2078D-1862-4E2E-8CCC-BED0F38F11DC}.Release|x64.Build.0 = Release|x64
		{C0D2078D-1862-4E2E-8CCC-BED0F38F11DC}.Release|x86.ActiveCfg = Release|Win32
		{C0D2078D-1862-4E2E-8CCC-BED0F38F11DC}.Release|x86.Build.0 = Release|Win32
		{474982CE-0A90-474C-BE9B-54C179476658}.Debug|x64.ActiveCfg = Debug|x64
		{474982CE-0A90-474C-BE9B-54C179476658}.Debug|x64.Build.0 = Debug|x64
		{474982CE-0A90-474C-BE9B-54C179476658}.Debug|x86.ActiveCfg = Debug|Win32
		{474982CE-0A90-474C-BE9B-54C179476658}.Debug|x86.Build.0 = Debug|Win32
		{474982CE-0A90-474C-BE9B-54C179476658}.Release|x64.ActiveCfg = Release|x64
		{474982CE-0A90-474C-BE9B-54C179476658}.Release|x64.Build.0 = Release|x64
		{474982CE-0A90-474C-BE9B-54C179476658}.Release|x86.ActiveCfg = Release|Win32
		{474982CE-0A90-474C-BE9B-54C179476658}.Release|x86.Build.0 = Release|Win32
		{B6658B7C-6966-4FC4-A421-29DA01834FC7}.Debug|x64.ActiveCfg = Debug|x64
		{B6658B7C-6966-4FC4-A421-29DA01834FC7}.Debug|x64.Build.0 = Debug|x64
		{B6658B7C-6966-4FC4-A421-29DA01834FC7}.Debug|x86.ActiveCfg = Debug|Win32
		{B6658B7C-6966-4FC4-A421-29DA01834FC7}.Debug|x86.Build.0 = Debug|Win32
		{B6658B7C-6966-4FC4-A421-29DA01834FC7}.Release|x64.ActiveCfg = Release|x64
		{B6658B7C-6966-4FC4-A421-29DA01834FC7}.Release|x64.Build.0 = Release|x64
		{B6658B7C-6966-4FC4-A421-29DA01834FC7}.Release|x86.ActiveCfg = Release|Win32
		{B6658B7C-6966-4FC4-A421-29DA01834FC7}.Release|x86.Build.0 = Release|Win32
	EndGlobalSection
	GlobalSection(SolutionProperties) = preSolution
		HideSolutionNode = FALSE
	EndGlobalSection
	GlobalSection(ExtensibilityGlobals) = postSolution
		SolutionGuid = {755BB7D5-C999-4E7D-ADCE-A9BE3E55BDAF}
	EndGlobalSection
EndGlobal
